// !$*UTF8*$!
{
	archiveVersion = 1;
	classes = {
	};
	objectVersion = 46;
	objects = {

/* Begin PBXBuildFile section */
		E1EB82031D521DDC009C3872 /* memolist.swift in Sources */ = {isa = PBXBuildFile; fileRef = E1EB82021D521DDC009C3872 /* memolist.swift */; };
		E1EBE0D21D535BD800CF8381 /* memoDetailTableViewController.swift in Sources */ = {isa = PBXBuildFile; fileRef = E1EBE0D11D535BD800CF8381 /* memoDetailTableViewController.swift */; };
		E1EE9F3F1D50C85B00684C27 /* AppDelegate.swift in Sources */ = {isa = PBXBuildFile; fileRef = E1EE9F3E1D50C85B00684C27 /* AppDelegate.swift */; };
		E1EE9F411D50C85B00684C27 /* ViewController.swift in Sources */ = {isa = PBXBuildFile; fileRef = E1EE9F401D50C85B00684C27 /* ViewController.swift */; };
		E1EE9F441D50C85B00684C27 /* Main.storyboard in Resources */ = {isa = PBXBuildFile; fileRef = E1EE9F421D50C85B00684C27 /* Main.storyboard */; };
		E1EE9F461D50C85B00684C27 /* Assets.xcassets in Resources */ = {isa = PBXBuildFile; fileRef = E1EE9F451D50C85B00684C27 /* Assets.xcassets */; };
		E1EE9F491D50C85B00684C27 /* LaunchScreen.storyboard in Resources */ = {isa = PBXBuildFile; fileRef = E1EE9F471D50C85B00684C27 /* LaunchScreen.storyboard */; };
		E1EE9F541D50C85B00684C27 /* memoTests.swift in Sources */ = {isa = PBXBuildFile; fileRef = E1EE9F531D50C85B00684C27 /* memoTests.swift */; };
		E1EE9F5F1D50C85B00684C27 /* memoUITests.swift in Sources */ = {isa = PBXBuildFile; fileRef = E1EE9F5E1D50C85B00684C27 /* memoUITests.swift */; };
		E1F5B7831D557B4200284740 /* addViewController.swift in Sources */ = {isa = PBXBuildFile; fileRef = E1F5B7821D557B4200284740 /* addViewController.swift */; };
/* End PBXBuildFile section */

/* Begin PBXContainerItemProxy section */
		E1EE9F501D50C85B00684C27 /* PBXContainerItemProxy */ = {
			isa = PBXContainerItemProxy;
			containerPortal = E1EE9F331D50C85B00684C27 /* Project object */;
			proxyType = 1;
			remoteGlobalIDString = E1EE9F3A1D50C85B00684C27;
			remoteInfo = memo;
		};
		E1EE9F5B1D50C85B00684C27 /* PBXContainerItemProxy */ = {
			isa = PBXContainerItemProxy;
			containerPortal = E1EE9F331D50C85B00684C27 /* Project object */;
			proxyType = 1;
			remoteGlobalIDString = E1EE9F3A1D50C85B00684C27;
			remoteInfo = memo;
		};
/* End PBXContainerItemProxy section */

/* Begin PBXFileReference section */
		E1EB82021D521DDC009C3872 /* memolist.swift */ = {isa = PBXFileReference; fileEncoding = 4; lastKnownFileType = sourcecode.swift; path = memolist.swift; sourceTree = "<group>"; };
		E1EBE0D11D535BD800CF8381 /* memoDetailTableViewController.swift */ = {isa = PBXFileReference; fileEncoding = 4; lastKnownFileType = sourcecode.swift; path = memoDetailTableViewController.swift; sourceTree = "<group>"; };
		E1EE9F3B1D50C85B00684C27 /* memo.app */ = {isa = PBXFileReference; explicitFileType = wrapper.application; includeInIndex = 0; path = memo.app; sourceTree = BUILT_PRODUCTS_DIR; };
		E1EE9F3E1D50C85B00684C27 /* AppDelegate.swift */ = {isa = PBXFileReference; lastKnownFileType = sourcecode.swift; path = AppDelegate.swift; sourceTree = "<group>"; };
		E1EE9F401D50C85B00684C27 /* ViewController.swift */ = {isa = PBXFileReference; lastKnownFileType = sourcecode.swift; path = ViewController.swift; sourceTree = "<group>"; };
		E1EE9F431D50C85B00684C27 /* Base */ = {isa = PBXFileReference; lastKnownFileType = file.storyboard; name = Base; path = Base.lproj/Main.storyboard; sourceTree = "<group>"; };
		E1EE9F451D50C85B00684C27 /* Assets.xcassets */ = {isa = PBXFileReference; lastKnownFileType = folder.assetcatalog; path = Assets.xcassets; sourceTree = "<group>"; };
		E1EE9F481D50C85B00684C27 /* Base */ = {isa = PBXFileReference; lastKnownFileType = file.storyboard; name = Base; path = Base.lproj/LaunchScreen.storyboard; sourceTree = "<group>"; };
		E1EE9F4A1D50C85B00684C27 /* Info.plist */ = {isa = PBXFileReference; lastKnownFileType = text.plist.xml; path = Info.plist; sourceTree = "<group>"; };
		E1EE9F4F1D50C85B00684C27 /* memoTests.xctest */ = {isa = PBXFileReference; explicitFileType = wrapper.cfbundle; includeInIndex = 0; path = memoTests.xctest; sourceTree = BUILT_PRODUCTS_DIR; };
		E1EE9F531D50C85B00684C27 /* memoTests.swift */ = {isa = PBXFileReference; lastKnownFileType = sourcecode.swift; path = memoTests.swift; sourceTree = "<group>"; };
		E1EE9F551D50C85B00684C27 /* Info.plist */ = {isa = PBXFileReference; lastKnownFileType = text.plist.xml; path = Info.plist; sourceTree = "<group>"; };
		E1EE9F5A1D50C85B00684C27 /* memoUITests.xctest */ = {isa = PBXFileReference; explicitFileType = wrapper.cfbundle; includeInIndex = 0; path = memoUITests.xctest; sourceTree = BUILT_PRODUCTS_DIR; };
		E1EE9F5E1D50C85B00684C27 /* memoUITests.swift */ = {isa = PBXFileReference; lastKnownFileType = sourcecode.swift; path = memoUITests.swift; sourceTree = "<group>"; };
		E1EE9F601D50C85B00684C27 /* Info.plist */ = {isa = PBXFileReference; lastKnownFileType = text.plist.xml; path = Info.plist; sourceTree = "<group>"; };
		E1F5B7821D557B4200284740 /* addViewController.swift */ = {isa = PBXFileReference; fileEncoding = 4; lastKnownFileType = sourcecode.swift; path = addViewController.swift; sourceTree = "<group>"; };
/* End PBXFileReference section */

/* Begin PBXFrameworksBuildPhase section */
		E1EE9F381D50C85B00684C27 /* Frameworks */ = {
			isa = PBXFrameworksBuildPhase;
			buildActionMask = 2147483647;
			files = (
			);
			runOnlyForDeploymentPostprocessing = 0;
		};
		E1EE9F4C1D50C85B00684C27 /* Frameworks */ = {
			isa = PBXFrameworksBuildPhase;
			buildActionMask = 2147483647;
			files = (
			);
			runOnlyForDeploymentPostprocessing = 0;
		};
		E1EE9F571D50C85B00684C27 /* Frameworks */ = {
			isa = PBXFrameworksBuildPhase;
			buildActionMask = 2147483647;
			files = (
			);
			runOnlyForDeploymentPostprocessing = 0;
		};
/* End PBXFrameworksBuildPhase section */

/* Begin PBXGroup section */
		E1EE9F321D50C85B00684C27 = {
			isa = PBXGroup;
			children = (
				E1EE9F3D1D50C85B00684C27 /* memo */,
				E1EE9F521D50C85B00684C27 /* memoTests */,
				E1EE9F5D1D50C85B00684C27 /* memoUITests */,
				E1EE9F3C1D50C85B00684C27 /* Products */,
			);
			sourceTree = "<group>";
		};
		E1EE9F3C1D50C85B00684C27 /* Products */ = {
			isa = PBXGroup;
			children = (
				E1EE9F3B1D50C85B00684C27 /* memo.app */,
				E1EE9F4F1D50C85B00684C27 /* memoTests.xctest */,
				E1EE9F5A1D50C85B00684C27 /* memoUITests.xctest */,
			);
			name = Products;
			sourceTree = "<group>";
		};
		E1EE9F3D1D50C85B00684C27 /* memo */ = {
			isa = PBXGroup;
			children = (
				E1EE9F3E1D50C85B00684C27 /* AppDelegate.swift */,
				E1EE9F401D50C85B00684C27 /* ViewController.swift */,
				E1EE9F421D50C85B00684C27 /* Main.storyboard */,
				E1F5B7821D557B4200284740 /* addViewController.swift */,
				E1EBE0D11D535BD800CF8381 /* memoDetailTableViewController.swift */,
				E1EE9F451D50C85B00684C27 /* Assets.xcassets */,
				E1EE9F471D50C85B00684C27 /* LaunchScreen.storyboard */,
				E1EE9F4A1D50C85B00684C27 /* Info.plist */,
				E1EB82021D521DDC009C3872 /* memolist.swift */,
			);
			path = memo;
			sourceTree = "<group>";
		};
		E1EE9F521D50C85B00684C27 /* memoTests */ = {
			isa = PBXGroup;
			children = (
				E1EE9F531D50C85B00684C27 /* memoTests.swift */,
				E1EE9F551D50C85B00684C27 /* Info.plist */,
			);
			path = memoTests;
			sourceTree = "<group>";
		};
		E1EE9F5D1D50C85B00684C27 /* memoUITests */ = {
			isa = PBXGroup;
			children = (
				E1EE9F5E1D50C85B00684C27 /* memoUITests.swift */,
				E1EE9F601D50C85B00684C27 /* Info.plist */,
			);
			path = memoUITests;
			sourceTree = "<group>";
		};
/* End PBXGroup section */

/* Begin PBXNativeTarget section */
		E1EE9F3A1D50C85B00684C27 /* memo */ = {
			isa = PBXNativeTarget;
			buildConfigurationList = E1EE9F631D50C85B00684C27 /* Build configuration list for PBXNativeTarget "memo" */;
			buildPhases = (
				E1EE9F371D50C85B00684C27 /* Sources */,
				E1EE9F381D50C85B00684C27 /* Frameworks */,
				E1EE9F391D50C85B00684C27 /* Resources */,
			);
			buildRules = (
			);
			dependencies = (
			);
			name = memo;
			productName = memo;
			productReference = E1EE9F3B1D50C85B00684C27 /* memo.app */;
			productType = "com.apple.product-type.application";
		};
		E1EE9F4E1D50C85B00684C27 /* memoTests */ = {
			isa = PBXNativeTarget;
			buildConfigurationList = E1EE9F661D50C85B00684C27 /* Build configuration list for PBXNativeTarget "memoTests" */;
			buildPhases = (
				E1EE9F4B1D50C85B00684C27 /* Sources */,
				E1EE9F4C1D50C85B00684C27 /* Frameworks */,
				E1EE9F4D1D50C85B00684C27 /* Resources */,
			);
			buildRules = (
			);
			dependencies = (
				E1EE9F511D50C85B00684C27 /* PBXTargetDependency */,
			);
			name = memoTests;
			productName = memoTests;
			productReference = E1EE9F4F1D50C85B00684C27 /* memoTests.xctest */;
			productType = "com.apple.product-type.bundle.unit-test";
		};
		E1EE9F591D50C85B00684C27 /* memoUITests */ = {
			isa = PBXNativeTarget;
			buildConfigurationList = E1EE9F691D50C85B00684C27 /* Build configuration list for PBXNativeTarget "memoUITests" */;
			buildPhases = (
				E1EE9F561D50C85B00684C27 /* Sources */,
				E1EE9F571D50C85B00684C27 /* Frameworks */,
				E1EE9F581D50C85B00684C27 /* Resources */,
			);
			buildRules = (
			);
			dependencies = (
				E1EE9F5C1D50C85B00684C27 /* PBXTargetDependency */,
			);
			name = memoUITests;
			productName = memoUITests;
			productReference = E1EE9F5A1D50C85B00684C27 /* memoUITests.xctest */;
			productType = "com.apple.product-type.bundle.ui-testing";
		};
/* End PBXNativeTarget section */

/* Begin PBXProject section */
		E1EE9F331D50C85B00684C27 /* Project object */ = {
			isa = PBXProject;
			attributes = {
				LastSwiftUpdateCheck = 0730;
				LastUpgradeCheck = 0730;
				ORGANIZATIONNAME = Amy;
				TargetAttributes = {
					E1EE9F3A1D50C85B00684C27 = {
						CreatedOnToolsVersion = 7.3.1;
						DevelopmentTeam = EG734K7EL3;
					};
					E1EE9F4E1D50C85B00684C27 = {
						CreatedOnToolsVersion = 7.3.1;
						TestTargetID = E1EE9F3A1D50C85B00684C27;
					};
					E1EE9F591D50C85B00684C27 = {
						CreatedOnToolsVersion = 7.3.1;
						TestTargetID = E1EE9F3A1D50C85B00684C27;
					};
				};
			};
			buildConfigurationList = E1EE9F361D50C85B00684C27 /* Build configuration list for PBXProject "memo" */;
			compatibilityVersion = "Xcode 3.2";
			developmentRegion = English;
			hasScannedForEncodings = 0;
			knownRegions = (
				en,
				Base,
			);
			mainGroup = E1EE9F321D50C85B00684C27;
			productRefGroup = E1EE9F3C1D50C85B00684C27 /* Products */;
			projectDirPath = "";
			projectRoot = "";
			targets = (
				E1EE9F3A1D50C85B00684C27 /* memo */,
				E1EE9F4E1D50C85B00684C27 /* memoTests */,
				E1EE9F591D50C85B00684C27 /* memoUITests */,
			);
		};
/* End PBXProject section */

/* Begin PBXResourcesBuildPhase section */
		E1EE9F391D50C85B00684C27 /* Resources */ = {
			isa = PBXResourcesBuildPhase;
			buildActionMask = 2147483647;
			files = (
				E1EE9F491D50C85B00684C27 /* LaunchScreen.storyboard in Resources */,
				E1EE9F461D50C85B00684C27 /* Assets.xcassets in Resources */,
				E1EE9F441D50C85B00684C27 /* Main.storyboard in Resources */,
			);
			runOnlyForDeploymentPostprocessing = 0;
		};
		E1EE9F4D1D50C85B00684C27 /* Resources */ = {
			isa = PBXResourcesBuildPhase;
			buildActionMask = 2147483647;
			files = (
			);
			runOnlyForDeploymentPostprocessing = 0;
		};
		E1EE9F581D50C85B00684C27 /* Resources */ = {
			isa = PBXResourcesBuildPhase;
			buildActionMask = 2147483647;
			files = (
			);
			runOnlyForDeploymentPostprocessing = 0;
		};
/* End PBXResourcesBuildPhase section */

/* Begin PBXSourcesBuildPhase section */
		E1EE9F371D50C85B00684C27 /* Sources */ = {
			isa = PBXSourcesBuildPhase;
			buildActionMask = 2147483647;
			files = (
				E1EE9F411D50C85B00684C27 /* ViewController.swift in Sources */,
				E1EE9F3F1D50C85B00684C27 /* AppDelegate.swift in Sources */,
				E1EBE0D21D535BD800CF8381 /* memoDetailTableViewController.swift in Sources */,
				E1F5B7831D557B4200284740 /* addViewController.swift in Sources */,
				E1EB82031D521DDC009C3872 /* memolist.swift in Sources */,
			);
			runOnlyForDeploymentPostprocessing = 0;
		};
		E1EE9F4B1D50C85B00684C27 /* Sources */ = {
			isa = PBXSourcesBuildPhase;
			buildActionMask = 2147483647;
			files = (
				E1EE9F541D50C85B00684C27 /* memoTests.swift in Sources */,
			);
			runOnlyForDeploymentPostprocessing = 0;
		};
		E1EE9F561D50C85B00684C27 /* Sources */ = {
			isa = PBXSourcesBuildPhase;
			buildActionMask = 2147483647;
			files = (
				E1EE9F5F1D50C85B00684C27 /* memoUITests.swift in Sources */,
			);
			runOnlyForDeploymentPostprocessing = 0;
		};
/* End PBXSourcesBuildPhase section */

/* Begin PBXTargetDependency section */
		E1EE9F511D50C85B00684C27 /* PBXTargetDependency */ = {
			isa = PBXTargetDependency;
			target = E1EE9F3A1D50C85B00684C27 /* memo */;
			targetProxy = E1EE9F501D50C85B00684C27 /* PBXContainerItemProxy */;
		};
		E1EE9F5C1D50C85B00684C27 /* PBXTargetDependency */ = {
			isa = PBXTargetDependency;
			target = E1EE9F3A1D50C85B00684C27 /* memo */;
			targetProxy = E1EE9F5B1D50C85B00684C27 /* PBXContainerItemProxy */;
		};
/* End PBXTargetDependency section */

/* Begin PBXVariantGroup section */
		E1EE9F421D50C85B00684C27 /* Main.storyboard */ = {
			isa = PBXVariantGroup;
			children = (
				E1EE9F431D50C85B00684C27 /* Base */,
			);
			name = Main.storyboard;
			sourceTree = "<group>";
		};
		E1EE9F471D50C85B00684C27 /* LaunchScreen.storyboard */ = {
			isa = PBXVariantGroup;
			children = (
				E1EE9F481D50C85B00684C27 /* Base */,
			);
			name = LaunchScreen.storyboard;
			sourceTree = "<group>";
		};
/* End PBXVariantGroup section */

/* Begin XCBuildConfiguration section */
		E1EE9F611D50C85B00684C27 /* Debug */ = {
			isa = XCBuildConfiguration;
			buildSettings = {
				ALWAYS_SEARCH_USER_PATHS = NO;
				CLANG_ANALYZER_NONNULL = YES;
				CLANG_CXX_LANGUAGE_STANDARD = "gnu++0x";
				CLANG_CXX_LIBRARY = "libc++";
				CLANG_ENABLE_MODULES = YES;
				CLANG_ENABLE_OBJC_ARC = YES;
				CLANG_WARN_BOOL_CONVERSION = YES;
				CLANG_WARN_CONSTANT_CONVERSION = YES;
				CLANG_WARN_DIRECT_OBJC_ISA_USAGE = YES_ERROR;
				CLANG_WARN_EMPTY_BODY = YES;
				CLANG_WARN_ENUM_CONVERSION = YES;
				CLANG_WARN_INT_CONVERSION = YES;
				CLANG_WARN_OBJC_ROOT_CLASS = YES_ERROR;
				CLANG_WARN_UNREACHABLE_CODE = YES;
				CLANG_WARN__DUPLICATE_METHOD_MATCH = YES;
				"CODE_SIGN_IDENTITY[sdk=iphoneos*]" = "iPhone Developer";
				COPY_PHASE_STRIP = NO;
				DEBUG_INFORMATION_FORMAT = dwarf;
				ENABLE_STRICT_OBJC_MSGSEND = YES;
				ENABLE_TESTABILITY = YES;
				GCC_C_LANGUAGE_STANDARD = gnu99;
				GCC_DYNAMIC_NO_PIC = NO;
				GCC_NO_COMMON_BLOCKS = YES;
				GCC_OPTIMIZATION_LEVEL = 0;
				GCC_PREPROCESSOR_DEFINITIONS = (
					"DEBUG=1",
					"$(inherited)",
				);
				GCC_WARN_64_TO_32_BIT_CONVERSION = YES;
				GCC_WARN_ABOUT_RETURN_TYPE = YES_ERROR;
				GCC_WARN_UNDECLARED_SELECTOR = YES;
				GCC_WARN_UNINITIALIZED_AUTOS = YES_AGGRESSIVE;
				GCC_WARN_UNUSED_FUNCTION = YES;
				GCC_WARN_UNUSED_VARIABLE = YES;
				IPHONEOS_DEPLOYMENT_TARGET = 9.3;
				MTL_ENABLE_DEBUG_INFO = YES;
				ONLY_ACTIVE_ARCH = YES;
				SDKROOT = iphoneos;
				SWIFT_OPTIMIZATION_LEVEL = "-Onone";
			};
			name = Debug;
		};
		E1EE9F621D50C85B00684C27 /* Release */ = {
			isa = XCBuildConfiguration;
			buildSettings = {
				ALWAYS_SEARCH_USER_PATHS = NO;
				CLANG_ANALYZER_NONNULL = YES;
				CLANG_CXX_LANGUAGE_STANDARD = "gnu++0x";
				CLANG_CXX_LIBRARY = "libc++";
				CLANG_ENABLE_MODULES = YES;
				CLANG_ENABLE_OBJC_ARC = YES;
				CLANG_WARN_BOOL_CONVERSION = YES;
				CLANG_WARN_CONSTANT_CONVERSION = YES;
				CLANG_WARN_DIRECT_OBJC_ISA_USAGE = YES_ERROR;
				CLANG_WARN_EMPTY_BODY = YES;
				CLANG_WARN_ENUM_CONVERSION = YES;
				CLANG_WARN_INT_CONVERSION = YES;
				CLANG_WARN_OBJC_ROOT_CLASS = YES_ERROR;
				CLANG_WARN_UNREACHABLE_CODE = YES;
				CLANG_WARN__DUPLICATE_METHOD_MATCH = YES;
				"CODE_SIGN_IDENTITY[sdk=iphoneos*]" = "iPhone Developer";
				COPY_PHASE_STRIP = NO;
				DEBUG_INFORMATION_FORMAT = "dwarf-with-dsym";
				ENABLE_NS_ASSERTIONS = NO;
				ENABLE_STRICT_OBJC_MSGSEND = YES;
				GCC_C_LANGUAGE_STANDARD = gnu99;
				GCC_NO_COMMON_BLOCKS = YES;
				GCC_WARN_64_TO_32_BIT_CONVERSION = YES;
				GCC_WARN_ABOUT_RETURN_TYPE = YES_ERROR;
				GCC_WARN_UNDECLARED_SELECTOR = YES;
				GCC_WARN_UNINITIALIZED_AUTOS = YES_AGGRESSIVE;
				GCC_WARN_UNUSED_FUNCTION = YES;
				GCC_WARN_UNUSED_VARIABLE = YES;
				IPHONEOS_DEPLOYMENT_TARGET = 9.3;
				MTL_ENABLE_DEBUG_INFO = NO;
				SDKROOT = iphoneos;
				VALIDATE_PRODUCT = YES;
			};
			name = Release;
		};
		E1EE9F641D50C85B00684C27 /* Debug */ = {
			isa = XCBuildConfiguration;
			buildSettings = {
				ASSETCATALOG_COMPILER_APPICON_NAME = AppIcon;
				CODE_SIGN_IDENTITY = "iPhone Developer";
				"CODE_SIGN_IDENTITY[sdk=iphoneos*]" = "iPhone Developer";
				INFOPLIST_FILE = memo/Info.plist;
				IPHONEOS_DEPLOYMENT_TARGET = 8.4;
				LD_RUNPATH_SEARCH_PATHS = "$(inherited) @executable_path/Frameworks";
				PRODUCT_BUNDLE_IDENTIFIER = Amy.zyy.memo;
				PRODUCT_NAME = "$(TARGET_NAME)";
				PROVISIONING_PROFILE = "";
			};
			name = Debug;
		};
		E1EE9F651D50C85B00684C27 /* Release */ = {
			isa = XCBuildConfiguration;
			buildSettings = {
				ASSETCATALOG_COMPILER_APPICON_NAME = AppIcon;
				CODE_SIGN_IDENTITY = "iPhone Developer";
				"CODE_SIGN_IDENTITY[sdk=iphoneos*]" = "iPhone Developer";
				INFOPLIST_FILE = memo/Info.plist;
				IPHONEOS_DEPLOYMENT_TARGET = 8.4;
				LD_RUNPATH_SEARCH_PATHS = "$(inherited) @executable_path/Frameworks";
				PRODUCT_BUNDLE_IDENTIFIER = Amy.zyy.memo;
				PRODUCT_NAME = "$(TARGET_NAME)";
				PROVISIONING_PROFILE = "";
			};
			name = Release;
		};
		E1EE9F671D50C85B00684C27 /* Debug */ = {
			isa = XCBuildConfiguration;
			buildSettings = {
				BUNDLE_LOADER = "$(TEST_HOST)";
				INFOPLIST_FILE = memoTests/Info.plist;
				LD_RUNPATH_SEARCH_PATHS = "$(inherited) @executable_path/Frameworks @loader_path/Frameworks";
				PRODUCT_BUNDLE_IDENTIFIER = Amy.zyy.memoTests;
				PRODUCT_NAME = "$(TARGET_NAME)";
				TEST_HOST = "$(BUILT_PRODUCTS_DIR)/memo.app/memo";
			};
			name = Debug;
		};
		E1EE9F681D50C85B00684C27 /* Release */ = {
			isa = XCBuildConfiguration;
			buildSettings = {
				BUNDLE_LOADER = "$(TEST_HOST)";
				INFOPLIST_FILE = memoTests/Info.plist;
				LD_RUNPATH_SEARCH_PATHS = "$(inherited) @executable_path/Frameworks @loader_path/Frameworks";
				PRODUCT_BUNDLE_IDENTIFIER = Amy.zyy.memoTests;
				PRODUCT_NAME = "$(TARGET_NAME)";
				TEST_HOST = "$(BUILT_PRODUCTS_DIR)/memo.app/memo";
			};
			name = Release;
		};
		E1EE9F6A1D50C85B00684C27 /* Debug */ = {
			isa = XCBuildConfiguration;
			buildSettings = {
				INFOPLIST_FILE = memoUITests/Info.plist;
				LD_RUNPATH_SEARCH_PATHS = "$(inherited) @executable_path/Frameworks @loader_path/Frameworks";
				PRODUCT_BUNDLE_IDENTIFIER = Amy.zyy.memoUITests;
				PRODUCT_NAME = "$(TARGET_NAME)";
				TEST_TARGET_NAME = memo;
			};
			name = Debug;
		};
		E1EE9F6B1D50C85B00684C27 /* Release */ = {
			isa = XCBuildConfiguration;
			buildSettings = {
				INFOPLIST_FILE = memoUITests/Info.plist;
				LD_RUNPATH_SEARCH_PATHS = "$(inherited) @executable_path/Frameworks @loader_path/Frameworks";
				PRODUCT_BUNDLE_IDENTIFIER = Amy.zyy.memoUITests;
				PRODUCT_NAME = "$(TARGET_NAME)";
				TEST_TARGET_NAME = memo;
			};
			name = Release;
		};
/* End XCBuildConfiguration section */

/* Begin XCConfigurationList section */
		E1EE9F361D50C85B00684C27 /* Build configuration list for PBXProject "memo" */ = {
			isa = XCConfigurationList;
			buildConfigurations = (
				E1EE9F611D50C85B00684C27 /* Debug */,
				E1EE9F621D50C85B00684C27 /* Release */,
			);
			defaultConfigurationIsVisible = 0;
			defaultConfigurationName = Release;
		};
		E1EE9F631D50C85B00684C27 /* Build configuration list for PBXNativeTarget "memo" */ = {
			isa = XCConfigurationList;
			buildConfigurations = (
				E1EE9F641D50C85B00684C27 /* Debug */,
				E1EE9F651D50C85B00684C27 /* Release */,
			);
			defaultConfigurationIsVisible = 0;
			defaultConfigurationName = Release;
		};
		E1EE9F661D50C85B00684C27 /* Build configuration list for PBXNativeTarget "memoTests" */ = {
			isa = XCConfigurationList;
			buildConfigurations = (
				E1EE9F671D50C85B00684C27 /* Debug */,
				E1EE9F681D50C85B00684C27 /* Release */,
			);
			defaultConfigurationIsVisible = 0;
			defaultConfigurationName = Release;
		};
		E1EE9F691D50C85B00684C27 /* Build configuration list for PBXNativeTarget "memoUITests" */ = {
			isa = XCConfigurationList;
			buildConfigurations = (
				E1EE9F6A1D50C85B00684C27 /* Debug */,
				E1EE9F6B1D50C85B00684C27 /* Release */,
			);
			defaultConfigurationIsVisible = 0;
			defaultConfigurationName = Release;
		};
/* End XCConfigurationList section */
	};
	rootObject = E1EE9F331D50C85B00684C27 /* Project object */;
}
